
Microsoft Visual Studio Solution File, Format Version 12.00
# Visual Studio Version 17
VisualStudioVersion = 17.11.35222.181
MinimumVisualStudioVersion = 10.0.40219.1
Project("{9A19103F-16F7-4668-BE54-9A1E7A4F7556}") = "GitHubRateLimitChecker", "GitHubRateLimitChecker.csproj", "{70F82924-4520-4F16-9B74-B2924203EFBC}"
EndProject
Global
	GlobalSection(SolutionConfigurationPlatforms) = preSolution
		Debug|Any CPU = Debug|Any CPU
		Release|Any CPU = Release|Any CPU
	EndGlobalSection
	GlobalSection(ProjectConfigurationPlatforms) = postSolution
		{70F82924-4520-4F16-9B74-B2924203EFBC}.Debug|Any CPU.ActiveCfg = Debug|Any CPU
		{70F82924-4520-4F16-9B74-B2924203EFBC}.Debug|Any CPU.Build.0 = Debug|Any CPU
		{70F82924-4520-4F16-9B74-B2924203EFBC}.Release|Any CPU.ActiveCfg = Release|Any CPU
		{70F82924-4520-4F16-9B74-B2924203EFBC}.Release|Any CPU.Build.0 = Release|Any CPU
	EndGlobalSection
	GlobalSection(SolutionProperties) = preSolution
		HideSolutionNode = FALSE
	EndGlobalSection
	GlobalSection(ExtensibilityGlobals) = postSolution
		SolutionGuid = {3A042E52-5792-4BB1-AA00-9F985810D0D7}
	EndGlobalSection
EndGlobal
